// !$*UTF8*$!
{
	archiveVersion = 1;
	classes = {
	};
	objectVersion = 50;
	objects = {

/* Begin PBXBuildFile section */
		ACD8E925219ABB5400B0D6A6 /* PSSNotificationCenter.m in Sources */ = {isa = PBXBuildFile; fileRef = ACD8E924219ABB5400B0D6A6 /* PSSNotificationCenter.m */; };
		ACD8E928219AC6B700B0D6A6 /* PSSBlockObject.m in Sources */ = {isa = PBXBuildFile; fileRef = ACD8E927219AC6B700B0D6A6 /* PSSBlockObject.m */; };
		ACD8E92B219AC76700B0D6A6 /* PSSEventSet.m in Sources */ = {isa = PBXBuildFile; fileRef = ACD8E92A219AC76700B0D6A6 /* PSSEventSet.m */; };
		ACD8E92E219ACAFC00B0D6A6 /* NSObject+PSSNotification.m in Sources */ = {isa = PBXBuildFile; fileRef = ACD8E92D219ACAFC00B0D6A6 /* NSObject+PSSNotification.m */; };
		ACD8E935219BFFF700B0D6A6 /* TestViewController.m in Sources */ = {isa = PBXBuildFile; fileRef = ACD8E933219BFFF700B0D6A6 /* TestViewController.m */; };
		ACD8E936219BFFF700B0D6A6 /* TestViewController.xib in Resources */ = {isa = PBXBuildFile; fileRef = ACD8E934219BFFF700B0D6A6 /* TestViewController.xib */; };
		ACE37E68219A7AEA00839EED /* AppDelegate.m in Sources */ = {isa = PBXBuildFile; fileRef = ACE37E67219A7AEA00839EED /* AppDelegate.m */; };
		ACE37E6B219A7AEA00839EED /* ViewController.m in Sources */ = {isa = PBXBuildFile; fileRef = ACE37E6A219A7AEA00839EED /* ViewController.m */; };
		ACE37E6E219A7AEA00839EED /* Main.storyboard in Resources */ = {isa = PBXBuildFile; fileRef = ACE37E6C219A7AEA00839EED /* Main.storyboard */; };
		ACE37E70219A7AEB00839EED /* Assets.xcassets in Resources */ = {isa = PBXBuildFile; fileRef = ACE37E6F219A7AEB00839EED /* Assets.xcassets */; };
		ACE37E73219A7AEB00839EED /* LaunchScreen.storyboard in Resources */ = {isa = PBXBuildFile; fileRef = ACE37E71219A7AEB00839EED /* LaunchScreen.storyboard */; };
		ACE37E76219A7AEB00839EED /* main.m in Sources */ = {isa = PBXBuildFile; fileRef = ACE37E75219A7AEB00839EED /* main.m */; };
/* End PBXBuildFile section */

/* Begin PBXFileReference section */
		ACD8E923219ABB5400B0D6A6 /* PSSNotificationCenter.h */ = {isa = PBXFileReference; lastKnownFileType = sourcecode.c.h; path = PSSNotificationCenter.h; sourceTree = "<group>"; };
		ACD8E924219ABB5400B0D6A6 /* PSSNotificationCenter.m */ = {isa = PBXFileReference; lastKnownFileType = sourcecode.c.objc; path = PSSNotificationCenter.m; sourceTree = "<group>"; };
		ACD8E926219AC6B700B0D6A6 /* PSSBlockObject.h */ = {isa = PBXFileReference; lastKnownFileType = sourcecode.c.h; path = PSSBlockObject.h; sourceTree = "<group>"; };
		ACD8E927219AC6B700B0D6A6 /* PSSBlockObject.m */ = {isa = PBXFileReference; lastKnownFileType = sourcecode.c.objc; path = PSSBlockObject.m; sourceTree = "<group>"; };
		ACD8E929219AC76700B0D6A6 /* PSSEventSet.h */ = {isa = PBXFileReference; lastKnownFileType = sourcecode.c.h; path = PSSEventSet.h; sourceTree = "<group>"; };
		ACD8E92A219AC76700B0D6A6 /* PSSEventSet.m */ = {isa = PBXFileReference; lastKnownFileType = sourcecode.c.objc; path = PSSEventSet.m; sourceTree = "<group>"; };
		ACD8E92C219ACAFC00B0D6A6 /* NSObject+PSSNotification.h */ = {isa = PBXFileReference; lastKnownFileType = sourcecode.c.h; path = "NSObject+PSSNotification.h"; sourceTree = "<group>"; };
		ACD8E92D219ACAFC00B0D6A6 /* NSObject+PSSNotification.m */ = {isa = PBXFileReference; lastKnownFileType = sourcecode.c.objc; path = "NSObject+PSSNotification.m"; sourceTree = "<group>"; };
		ACD8E932219BFFF700B0D6A6 /* TestViewController.h */ = {isa = PBXFileReference; lastKnownFileType = sourcecode.c.h; path = TestViewController.h; sourceTree = "<group>"; };
		ACD8E933219BFFF700B0D6A6 /* TestViewController.m */ = {isa = PBXFileReference; lastKnownFileType = sourcecode.c.objc; path = TestViewController.m; sourceTree = "<group>"; };
		ACD8E934219BFFF700B0D6A6 /* TestViewController.xib */ = {isa = PBXFileReference; lastKnownFileType = file.xib; path = TestViewController.xib; sourceTree = "<group>"; };
		ACE37E63219A7AEA00839EED /* PSSNotification.app */ = {isa = PBXFileReference; explicitFileType = wrapper.application; includeInIndex = 0; path = PSSNotification.app; sourceTree = BUILT_PRODUCTS_DIR; };
		ACE37E66219A7AEA00839EED /* AppDelegate.h */ = {isa = PBXFileReference; lastKnownFileType = sourcecode.c.h; path = AppDelegate.h; sourceTree = "<group>"; };
		ACE37E67219A7AEA00839EED /* AppDelegate.m */ = {isa = PBXFileReference; lastKnownFileType = sourcecode.c.objc; path = AppDelegate.m; sourceTree = "<group>"; };
		ACE37E69219A7AEA00839EED /* ViewController.h */ = {isa = PBXFileReference; lastKnownFileType = sourcecode.c.h; path = ViewController.h; sourceTree = "<group>"; };
		ACE37E6A219A7AEA00839EED /* ViewController.m */ = {isa = PBXFileReference; lastKnownFileType = sourcecode.c.objc; path = ViewController.m; sourceTree = "<group>"; };
		ACE37E6D219A7AEA00839EED /* Base */ = {isa = PBXFileReference; lastKnownFileType = file.storyboard; name = Base; path = Base.lproj/Main.storyboard; sourceTree = "<group>"; };
		ACE37E6F219A7AEB00839EED /* Assets.xcassets */ = {isa = PBXFileReference; lastKnownFileType = folder.assetcatalog; path = Assets.xcassets; sourceTree = "<group>"; };
		ACE37E72219A7AEB00839EED /* Base */ = {isa = PBXFileReference; lastKnownFileType = file.storyboard; name = Base; path = Base.lproj/LaunchScreen.storyboard; sourceTree = "<group>"; };
		ACE37E74219A7AEB00839EED /* Info.plist */ = {isa = PBXFileReference; lastKnownFileType = text.plist.xml; path = Info.plist; sourceTree = "<group>"; };
		ACE37E75219A7AEB00839EED /* main.m */ = {isa = PBXFileReference; lastKnownFileType = sourcecode.c.objc; path = main.m; sourceTree = "<group>"; };
/* End PBXFileReference section */

/* Begin PBXFrameworksBuildPhase section */
		ACE37E60219A7AEA00839EED /* Frameworks */ = {
			isa = PBXFrameworksBuildPhase;
			buildActionMask = 2147483647;
			files = (
			);
			runOnlyForDeploymentPostprocessing = 0;
		};
/* End PBXFrameworksBuildPhase section */

/* Begin PBXGroup section */
		ACD8E922219ABB3B00B0D6A6 /* PSSNotification */ = {
			isa = PBXGroup;
			children = (
				ACD8E923219ABB5400B0D6A6 /* PSSNotificationCenter.h */,
				ACD8E924219ABB5400B0D6A6 /* PSSNotificationCenter.m */,
				ACD8E929219AC76700B0D6A6 /* PSSEventSet.h */,
				ACD8E92A219AC76700B0D6A6 /* PSSEventSet.m */,
				ACD8E926219AC6B700B0D6A6 /* PSSBlockObject.h */,
				ACD8E927219AC6B700B0D6A6 /* PSSBlockObject.m */,
				ACD8E92C219ACAFC00B0D6A6 /* NSObject+PSSNotification.h */,
				ACD8E92D219ACAFC00B0D6A6 /* NSObject+PSSNotification.m */,
			);
			path = PSSNotification;
			sourceTree = "<group>";
		};
		ACE37E5A219A7AEA00839EED = {
			isa = PBXGroup;
			children = (
				ACE37E65219A7AEA00839EED /* PSSNotification */,
				ACE37E64219A7AEA00839EED /* Products */,
			);
			sourceTree = "<group>";
		};
		ACE37E64219A7AEA00839EED /* Products */ = {
			isa = PBXGroup;
			children = (
				ACE37E63219A7AEA00839EED /* PSSNotification.app */,
			);
			name = Products;
			sourceTree = "<group>";
		};
		ACE37E65219A7AEA00839EED /* PSSNotification */ = {
			isa = PBXGroup;
			children = (
				ACE37E66219A7AEA00839EED /* AppDelegate.h */,
				ACE37E67219A7AEA00839EED /* AppDelegate.m */,
				ACE37E69219A7AEA00839EED /* ViewController.h */,
				ACE37E6A219A7AEA00839EED /* ViewController.m */,
				ACD8E932219BFFF700B0D6A6 /* TestViewController.h */,
				ACD8E933219BFFF700B0D6A6 /* TestViewController.m */,
				ACD8E934219BFFF700B0D6A6 /* TestViewController.xib */,
				ACD8E922219ABB3B00B0D6A6 /* PSSNotification */,
				ACE37E6C219A7AEA00839EED /* Main.storyboard */,
				ACE37E6F219A7AEB00839EED /* Assets.xcassets */,
				ACE37E71219A7AEB00839EED /* LaunchScreen.storyboard */,
				ACE37E74219A7AEB00839EED /* Info.plist */,
				ACE37E75219A7AEB00839EED /* main.m */,
			);
			path = PSSNotification;
			sourceTree = "<group>";
		};
/* End PBXGroup section */

/* Begin PBXNativeTarget section */
		ACE37E62219A7AEA00839EED /* PSSNotification */ = {
			isa = PBXNativeTarget;
			buildConfigurationList = ACE37E79219A7AEB00839EED /* Build configuration list for PBXNativeTarget "PSSNotification" */;
			buildPhases = (
				ACE37E5F219A7AEA00839EED /* Sources */,
				ACE37E60219A7AEA00839EED /* Frameworks */,
				ACE37E61219A7AEA00839EED /* Resources */,
			);
			buildRules = (
			);
			dependencies = (
			);
			name = PSSNotification;
			productName = PSSNotification;
			productReference = ACE37E63219A7AEA00839EED /* PSSNotification.app */;
			productType = "com.apple.product-type.application";
		};
/* End PBXNativeTarget section */

/* Begin PBXProject section */
		ACE37E5B219A7AEA00839EED /* Project object */ = {
			isa = PBXProject;
			attributes = {
				LastUpgradeCheck = 0940;
				ORGANIZATIONNAME = "泡泡";
				TargetAttributes = {
					ACE37E62219A7AEA00839EED = {
						CreatedOnToolsVersion = 9.4.1;
					};
				};
			};
			buildConfigurationList = ACE37E5E219A7AEA00839EED /* Build configuration list for PBXProject "PSSNotification" */;
			compatibilityVersion = "Xcode 9.3";
			developmentRegion = en;
			hasScannedForEncodings = 0;
			knownRegions = (
				en,
				Base,
			);
			mainGroup = ACE37E5A219A7AEA00839EED;
			productRefGroup = ACE37E64219A7AEA00839EED /* Products */;
			projectDirPath = "";
			projectRoot = "";
			targets = (
				ACE37E62219A7AEA00839EED /* PSSNotification */,
			);
		};
/* End PBXProject section */

/* Begin PBXResourcesBuildPhase section */
		ACE37E61219A7AEA00839EED /* Resources */ = {
			isa = PBXResourcesBuildPhase;
			buildActionMask = 2147483647;
			files = (
				ACE37E73219A7AEB00839EED /* LaunchScreen.storyboard in Resources */,
				ACE37E70219A7AEB00839EED /* Assets.xcassets in Resources */,
				ACD8E936219BFFF700B0D6A6 /* TestViewController.xib in Resources */,
				ACE37E6E219A7AEA00839EED /* Main.storyboard in Resources */,
			);
			runOnlyForDeploymentPostprocessing = 0;
		};
/* End PBXResourcesBuildPhase section */

/* Begin PBXSourcesBuildPhase section */
		ACE37E5F219A7AEA00839EED /* Sources */ = {
			isa = PBXSourcesBuildPhase;
			buildActionMask = 2147483647;
			files = (
				ACD8E925219ABB5400B0D6A6 /* PSSNotificationCenter.m in Sources */,
				ACE37E6B219A7AEA00839EED /* ViewController.m in Sources */,
				ACD8E928219AC6B700B0D6A6 /* PSSBlockObject.m in Sources */,
				ACE37E76219A7AEB00839EED /* main.m in Sources */,
				ACD8E92B219AC76700B0D6A6 /* PSSEventSet.m in Sources */,
				ACE37E68219A7AEA00839EED /* AppDelegate.m in Sources */,
				ACD8E935219BFFF700B0D6A6 /* TestViewController.m in Sources */,
				ACD8E92E219ACAFC00B0D6A6 /* NSObject+PSSNotification.m in Sources */,
			);
			runOnlyForDeploymentPostprocessing = 0;
		};
/* End PBXSourcesBuildPhase section */

/* Begin PBXVariantGroup section */
		ACE37E6C219A7AEA00839EED /* Main.storyboard */ = {
			isa = PBXVariantGroup;
			children = (
				ACE37E6D219A7AEA00839EED /* Base */,
			);
			name = Main.storyboard;
			sourceTree = "<group>";
		};
		ACE37E71219A7AEB00839EED /* LaunchScreen.storyboard */ = {
			isa = PBXVariantGroup;
			children = (
				ACE37E72219A7AEB00839EED /* Base */,
			);
			name = LaunchScreen.storyboard;
			sourceTree = "<group>";
		};
/* End PBXVariantGroup section */

/* Begin XCBuildConfiguration section */
		ACE37E77219A7AEB00839EED /* Debug */ = {
			isa = XCBuildConfiguration;
			buildSettings = {
				ALWAYS_SEARCH_USER_PATHS = NO;
				CLANG_ANALYZER_NONNULL = YES;
				CLANG_ANALYZER_NUMBER_OBJECT_CONVERSION = YES_AGGRESSIVE;
				CLANG_CXX_LANGUAGE_STANDARD = "gnu++14";
				CLANG_CXX_LIBRARY = "libc++";
				CLANG_ENABLE_MODULES = YES;
				CLANG_ENABLE_OBJC_ARC = YES;
				CLANG_ENABLE_OBJC_WEAK = YES;
				CLANG_WARN_BLOCK_CAPTURE_AUTORELEASING = YES;
				CLANG_WARN_BOOL_CONVERSION = YES;
				CLANG_WARN_COMMA = YES;
				CLANG_WARN_CONSTANT_CONVERSION = YES;
				CLANG_WARN_DEPRECATED_OBJC_IMPLEMENTATIONS = YES;
				CLANG_WARN_DIRECT_OBJC_ISA_USAGE = YES_ERROR;
				CLANG_WARN_DOCUMENTATION_COMMENTS = YES;
				CLANG_WARN_EMPTY_BODY = YES;
				CLANG_WARN_ENUM_CONVERSION = YES;
				CLANG_WARN_INFINITE_RECURSION = YES;
				CLANG_WARN_INT_CONVERSION = YES;
				CLANG_WARN_NON_LITERAL_NULL_CONVERSION = YES;
				CLANG_WARN_OBJC_IMPLICIT_RETAIN_SELF = YES;
				CLANG_WARN_OBJC_LITERAL_CONVERSION = YES;
				CLANG_WARN_OBJC_ROOT_CLASS = YES_ERROR;
				CLANG_WARN_RANGE_LOOP_ANALYSIS = YES;
				CLANG_WARN_STRICT_PROTOTYPES = YES;
				CLANG_WARN_SUSPICIOUS_MOVE = YES;
				CLANG_WARN_UNGUARDED_AVAILABILITY = YES_AGGRESSIVE;
				CLANG_WARN_UNREACHABLE_CODE = YES;
				CLANG_WARN__DUPLICATE_METHOD_MATCH = YES;
				CODE_SIGN_IDENTITY = "iPhone Developer";
				COPY_PHASE_STRIP = NO;
				DEBUG_INFORMATION_FORMAT = dwarf;
				ENABLE_STRICT_OBJC_MSGSEND = YES;
				ENABLE_TESTABILITY = YES;
				GCC_C_LANGUAGE_STANDARD = gnu11;
				GCC_DYNAMIC_NO_PIC = NO;
				GCC_NO_COMMON_BLOCKS = YES;
				GCC_OPTIMIZATION_LEVEL = 0;
				GCC_PREPROCESSOR_DEFINITIONS = (
					"DEBUG=1",
					"$(inherited)",
				);
				GCC_WARN_64_TO_32_BIT_CONVERSION = YES;
				GCC_WARN_ABOUT_RETURN_TYPE = YES_ERROR;
				GCC_WARN_UNDECLARED_SELECTOR = YES;
				GCC_WARN_UNINITIALIZED_AUTOS = YES_AGGRESSIVE;
				GCC_WARN_UNUSED_FUNCTION = YES;
				GCC_WARN_UNUSED_VARIABLE = YES;
				IPHONEOS_DEPLOYMENT_TARGET = 11.4;
				MTL_ENABLE_DEBUG_INFO = YES;
				ONLY_ACTIVE_ARCH = YES;
				SDKROOT = iphoneos;
			};
			name = Debug;
		};
		ACE37E78219A7AEB00839EED /* Release */ = {
			isa = XCBuildConfiguration;
			buildSettings = {
				ALWAYS_SEARCH_USER_PATHS = NO;
				CLANG_ANALYZER_NONNULL = YES;
				CLANG_ANALYZER_NUMBER_OBJECT_CONVERSION = YES_AGGRESSIVE;
				CLANG_CXX_LANGUAGE_STANDARD = "gnu++14";
				CLANG_CXX_LIBRARY = "libc++";
				CLANG_ENABLE_MODULES = YES;
				CLANG_ENABLE_OBJC_ARC = YES;
				CLANG_ENABLE_OBJC_WEAK = YES;
				CLANG_WARN_BLOCK_CAPTURE_AUTORELEASING = YES;
				CLANG_WARN_BOOL_CONVERSION = YES;
				CLANG_WARN_COMMA = YES;
				CLANG_WARN_CONSTANT_CONVERSION = YES;
				CLANG_WARN_DEPRECATED_OBJC_IMPLEMENTATIONS = YES;
				CLANG_WARN_DIRECT_OBJC_ISA_USAGE = YES_ERROR;
				CLANG_WARN_DOCUMENTATION_COMMENTS = YES;
				CLANG_WARN_EMPTY_BODY = YES;
				CLANG_WARN_ENUM_CONVERSION = YES;
				CLANG_WARN_INFINITE_RECURSION = YES;
				CLANG_WARN_INT_CONVERSION = YES;
				CLANG_WARN_NON_LITERAL_NULL_CONVERSION = YES;
				CLANG_WARN_OBJC_IMPLICIT_RETAIN_SELF = YES;
				CLANG_WARN_OBJC_LITERAL_CONVERSION = YES;
				CLANG_WARN_OBJC_ROOT_CLASS = YES_ERROR;
				CLANG_WARN_RANGE_LOOP_ANALYSIS = YES;
				CLANG_WARN_STRICT_PROTOTYPES = YES;
				CLANG_WARN_SUSPICIOUS_MOVE = YES;
				CLANG_WARN_UNGUARDED_AVAILABILITY = YES_AGGRESSIVE;
				CLANG_WARN_UNREACHABLE_CODE = YES;
				CLANG_WARN__DUPLICATE_METHOD_MATCH = YES;
				CODE_SIGN_IDENTITY = "iPhone Developer";
				COPY_PHASE_STRIP = NO;
				DEBUG_INFORMATION_FORMAT = "dwarf-with-dsym";
				ENABLE_NS_ASSERTIONS = NO;
				ENABLE_STRICT_OBJC_MSGSEND = YES;
				GCC_C_LANGUAGE_STANDARD = gnu11;
				GCC_NO_COMMON_BLOCKS = YES;
				GCC_WARN_64_TO_32_BIT_CONVERSION = YES;
				GCC_WARN_ABOUT_RETURN_TYPE = YES_ERROR;
				GCC_WARN_UNDECLARED_SELECTOR = YES;
				GCC_WARN_UNINITIALIZED_AUTOS = YES_AGGRESSIVE;
				GCC_WARN_UNUSED_FUNCTION = YES;
				GCC_WARN_UNUSED_VARIABLE = YES;
				IPHONEOS_DEPLOYMENT_TARGET = 11.4;
				MTL_ENABLE_DEBUG_INFO = NO;
				SDKROOT = iphoneos;
				VALIDATE_PRODUCT = YES;
			};
			name = Release;
		};
		ACE37E7A219A7AEB00839EED /* Debug */ = {
			isa = XCBuildConfiguration;
			buildSettings = {
				ASSETCATALOG_COMPILER_APPICON_NAME = AppIcon;
				CODE_SIGN_STYLE = Automatic;
				INFOPLIST_FILE = PSSNotification/Info.plist;
				IPHONEOS_DEPLOYMENT_TARGET = 9.0;
				LD_RUNPATH_SEARCH_PATHS = (
					"$(inherited)",
					"@executable_path/Frameworks",
				);
				PRODUCT_BUNDLE_IDENTIFIER = PSS.PSSNotification;
				PRODUCT_NAME = "$(TARGET_NAME)";
				TARGETED_DEVICE_FAMILY = "1,2";
			};
			name = Debug;
		};
		ACE37E7B219A7AEB00839EED /* Release */ = {
			isa = XCBuildConfiguration;
			buildSettings = {
				ASSETCATALOG_COMPILER_APPICON_NAME = AppIcon;
				CODE_SIGN_STYLE = Automatic;
				INFOPLIST_FILE = PSSNotification/Info.plist;
				IPHONEOS_DEPLOYMENT_TARGET = 9.0;
				LD_RUNPATH_SEARCH_PATHS = (
					"$(inherited)",
					"@executable_path/Frameworks",
				);
				PRODUCT_BUNDLE_IDENTIFIER = PSS.PSSNotification;
				PRODUCT_NAME = "$(TARGET_NAME)";
				TARGETED_DEVICE_FAMILY = "1,2";
			};
			name = Release;
		};
/* End XCBuildConfiguration section */

/* Begin XCConfigurationList section */
		ACE37E5E219A7AEA00839EED /* Build configuration list for PBXProject "PSSNotification" */ = {
			isa = XCConfigurationList;
			buildConfigurations = (
				ACE37E77219A7AEB00839EED /* Debug */,
				ACE37E78219A7AEB00839EED /* Release */,
			);
			defaultConfigurationIsVisible = 0;
			defaultConfigurationName = Release;
		};
		ACE37E79219A7AEB00839EED /* Build configuration list for PBXNativeTarget "PSSNotification" */ = {
			isa = XCConfigurationList;
			buildConfigurations = (
				ACE37E7A219A7AEB00839EED /* Debug */,
				ACE37E7B219A7AEB00839EED /* Release */,
			);
			defaultConfigurationIsVisible = 0;
			defaultConfigurationName = Release;
		};
/* End XCConfigurationList section */
	};
	rootObject = ACE37E5B219A7AEA00839EED /* Project object */;
}
